
Microsoft Visual Studio Solution File, Format Version 12.00
# Visual Studio Version 17
VisualStudioVersion = 17.13.35931.197 d17.13
MinimumVisualStudioVersion = 10.0.40219.1
Project("{FAE04EC0-301F-11D3-BF4B-00C04F79EFBC}") = "ChickenF", "ChickenF\ChickenF.csproj", "{C447E80E-DCEE-4C34-902F-EF15CAAA6019}"
EndProject
Global
	GlobalSection(SolutionConfigurationPlatforms) = preSolution
		Debug|Any CPU = Debug|Any CPU
		Release|Any CPU = Release|Any CPU
	EndGlobalSection
	GlobalSection(ProjectConfigurationPlatforms) = postSolution
		{C447E80E-DCEE-4C34-902F-EF15CAAA6019}.Debug|Any CPU.ActiveCfg = Debug|Any CPU
		{C447E80E-DCEE-4C34-902F-EF15CAAA6019}.Debug|Any CPU.Build.0 = Debug|Any CPU
		{C447E80E-DCEE-4C34-902F-EF15CAAA6019}.Release|Any CPU.ActiveCfg = Release|Any CPU
		{C447E80E-DCEE-4C34-902F-EF15CAAA6019}.Release|Any CPU.Build.0 = Release|Any CPU
	EndGlobalSection
	GlobalSection(SolutionProperties) = preSolution
		HideSolutionNode = FALSE
	EndGlobalSection
	GlobalSection(ExtensibilityGlobals) = postSolution
		SolutionGuid = {22454075-D4E4-4990-AB4F-36C0E29E9EAB}
	EndGlobalSection
EndGlobal
